
Microsoft Visual Studio Solution File, Format Version 12.00
# Visual Studio Version 17
VisualStudioVersion = 17.4.33110.190
MinimumVisualStudioVersion = 10.0.40219.1
Project("{FAE04EC0-301F-11D3-BF4B-00C04F79EFBC}") = "ProgramListWebAPI", "ProgramListWebAPI.csproj", "{08DEA967-A142-4A30-A740-EB20BC1EF369}"
EndProject
Global
	GlobalSection(SolutionConfigurationPlatforms) = preSolution
		Debug|Any CPU = Debug|Any CPU
		Release|Any CPU = Release|Any CPU
	EndGlobalSection
	GlobalSection(ProjectConfigurationPlatforms) = postSolution
		{08DEA967-A142-4A30-A740-EB20BC1EF369}.Debug|Any CPU.ActiveCfg = Debug|Any CPU
		{08DEA967-A142-4A30-A740-EB20BC1EF369}.Debug|Any CPU.Build.0 = Debug|Any CPU
		{08DEA967-A142-4A30-A740-EB20BC1EF369}.Release|Any CPU.ActiveCfg = Release|Any CPU
		{08DEA967-A142-4A30-A740-EB20BC1EF369}.Release|Any CPU.Build.0 = Release|Any CPU
	EndGlobalSection
	GlobalSection(SolutionProperties) = preSolution
		HideSolutionNode = FALSE
	EndGlobalSection
	GlobalSection(ExtensibilityGlobals) = postSolution
		SolutionGuid = {2D7E4355-F969-4152-9CDE-BC9653B88048}
	EndGlobalSection
EndGlobal
